
Microsoft Visual Studio Solution File, Format Version 12.00
# Visual Studio Version 16
VisualStudioVersion = 16.0.35931.194
MinimumVisualStudioVersion = 10.0.40219.1
Project("{2150E333-8FDC-42A3-9474-1A3956D46DE8}") = "sys", "sys", "{48CF9199-66DA-4B78-AF10-9BF34061E415}"
EndProject
Project("{8BC9CEB8-8B4A-11D0-8D11-00A0C91BC942}") = "WinDivert", "sys\windivert.vcxproj", "{3F1BF4CC-3CB9-4E71-AF69-5B30B9DA3219}"
EndProject
Project("{2150E333-8FDC-42A3-9474-1A3956D46DE8}") = "dll", "dll", "{48B12F6A-FFBD-4E89-8ED1-52212C90C47F}"
EndProject
Project("{8BC9CEB8-8B4A-11D0-8D11-00A0C91BC942}") = "WinDivert", "dll\windivert.vcxproj", "{644940AA-E100-4542-9E3D-9E05A9BF3E17}"
	ProjectSection(ProjectDependencies) = postProject
		{3F1BF4CC-3CB9-4E71-AF69-5B30B9DA3219} = {3F1BF4CC-3CB9-4E71-AF69-5B30B9DA3219}
	EndProjectSection
EndProject
Project("{2150E333-8FDC-42A3-9474-1A3956D46DE8}") = "examples", "examples", "{9E8650FC-BF68-4C55-B68F-9B40D34790E9}"
EndProject
Project("{8BC9CEB8-8B4A-11D0-8D11-00A0C91BC942}") = "socketdump", "examples\socketdump\socketdump.vcxproj", "{5E7A8DF3-B0EB-4F4F-9ADE-709C5D662BFF}"
	ProjectSection(ProjectDependencies) = postProject
		{644940AA-E100-4542-9E3D-9E05A9BF3E17} = {644940AA-E100-4542-9E3D-9E05A9BF3E17}
		{3F1BF4CC-3CB9-4E71-AF69-5B30B9DA3219} = {3F1BF4CC-3CB9-4E71-AF69-5B30B9DA3219}
	EndProjectSection
EndProject
Project("{8BC9CEB8-8B4A-11D0-8D11-00A0C91BC942}") = "flowtrack", "examples\flowtrack\flowtrack.vcxproj", "{6084C20C-B7F2-457F-9699-5BC7290D1283}"
	ProjectSection(ProjectDependencies) = postProject
		{644940AA-E100-4542-9E3D-9E05A9BF3E17} = {644940AA-E100-4542-9E3D-9E05A9BF3E17}
		{3F1BF4CC-3CB9-4E71-AF69-5B30B9DA3219} = {3F1BF4CC-3CB9-4E71-AF69-5B30B9DA3219}
	EndProjectSection
EndProject
Project("{8BC9CEB8-8B4A-11D0-8D11-00A0C91BC942}") = "netdump", "examples\netdump\netdump.vcxproj", "{C4F74C1B-B700-4E09-9B64-CFFA5967E446}"
	ProjectSection(ProjectDependencies) = postProject
		{644940AA-E100-4542-9E3D-9E05A9BF3E17} = {644940AA-E100-4542-9E3D-9E05A9BF3E17}
		{3F1BF4CC-3CB9-4E71-AF69-5B30B9DA3219} = {3F1BF4CC-3CB9-4E71-AF69-5B30B9DA3219}
	EndProjectSection
EndProject
Project("{8BC9CEB8-8B4A-11D0-8D11-00A0C91BC942}") = "netfilter", "examples\netfilter\netfilter.vcxproj", "{99783FD6-24E8-48B0-8038-886F8FE711CE}"
	ProjectSection(ProjectDependencies) = postProject
		{644940AA-E100-4542-9E3D-9E05A9BF3E17} = {644940AA-E100-4542-9E3D-9E05A9BF3E17}
		{3F1BF4CC-3CB9-4E71-AF69-5B30B9DA3219} = {3F1BF4CC-3CB9-4E71-AF69-5B30B9DA3219}
	EndProjectSection
EndProject
Project("{8BC9CEB8-8B4A-11D0-8D11-00A0C91BC942}") = "passthru", "examples\passthru\passthru.vcxproj", "{88DB1FF4-9543-4265-B3A6-E9D88C8C815D}"
	ProjectSection(ProjectDependencies) = postProject
		{644940AA-E100-4542-9E3D-9E05A9BF3E17} = {644940AA-E100-4542-9E3D-9E05A9BF3E17}
		{3F1BF4CC-3CB9-4E71-AF69-5B30B9DA3219} = {3F1BF4CC-3CB9-4E71-AF69-5B30B9DA3219}
	EndProjectSection
EndProject
Project("{8BC9CEB8-8B4A-11D0-8D11-00A0C91BC942}") = "streamdump", "examples\streamdump\streamdump.vcxproj", "{79D8A973-86E9-45F8-BCC5-DF3563B1D17A}"
	ProjectSection(ProjectDependencies) = postProject
		{644940AA-E100-4542-9E3D-9E05A9BF3E17} = {644940AA-E100-4542-9E3D-9E05A9BF3E17}
		{3F1BF4CC-3CB9-4E71-AF69-5B30B9DA3219} = {3F1BF4CC-3CB9-4E71-AF69-5B30B9DA3219}
	EndProjectSection
EndProject
Project("{8BC9CEB8-8B4A-11D0-8D11-00A0C91BC942}") = "webfilter", "examples\webfilter\webfilter.vcxproj", "{2F7BE87B-D84B-4A3F-9683-FAFD17306ED1}"
	ProjectSection(ProjectDependencies) = postProject
		{644940AA-E100-4542-9E3D-9E05A9BF3E17} = {644940AA-E100-4542-9E3D-9E05A9BF3E17}
		{3F1BF4CC-3CB9-4E71-AF69-5B30B9DA3219} = {3F1BF4CC-3CB9-4E71-AF69-5B30B9DA3219}
	EndProjectSection
EndProject
Project("{8BC9CEB8-8B4A-11D0-8D11-00A0C91BC942}") = "windivertctl", "examples\windivertctl\windivertctl.vcxproj", "{E24C274F-ED05-453E-AAFD-422BD6222D00}"
	ProjectSection(ProjectDependencies) = postProject
		{644940AA-E100-4542-9E3D-9E05A9BF3E17} = {644940AA-E100-4542-9E3D-9E05A9BF3E17}
		{3F1BF4CC-3CB9-4E71-AF69-5B30B9DA3219} = {3F1BF4CC-3CB9-4E71-AF69-5B30B9DA3219}
	EndProjectSection
EndProject
Project("{8BC9CEB8-8B4A-11D0-8D11-00A0C91BC942}") = "test", "test\test.vcxproj", "{8DD3E5C0-18A3-433F-9425-FF1316C23F54}"
	ProjectSection(ProjectDependencies) = postProject
		{644940AA-E100-4542-9E3D-9E05A9BF3E17} = {644940AA-E100-4542-9E3D-9E05A9BF3E17}
		{3F1BF4CC-3CB9-4E71-AF69-5B30B9DA3219} = {3F1BF4CC-3CB9-4E71-AF69-5B30B9DA3219}
	EndProjectSection
EndProject
Project("{2150E333-8FDC-42A3-9474-1A3956D46DE8}") = "Solution Items", "Solution Items", "{4FF129DA-BD3A-48A5-9108-88369FC26562}"
	ProjectSection(SolutionItems) = preProject
		windivert.unofficial.props = windivert.unofficial.props
	EndProjectSection
EndProject
Global
	GlobalSection(SolutionConfigurationPlatforms) = preSolution
		Debug|x64 = Debug|x64
		Debug|x86 = Debug|x86
		Release|x64 = Release|x64
		Release|x86 = Release|x86
	EndGlobalSection
	GlobalSection(ProjectConfigurationPlatforms) = postSolution
		{3F1BF4CC-3CB9-4E71-AF69-5B30B9DA3219}.Debug|x64.ActiveCfg = Debug|x64
		{3F1BF4CC-3CB9-4E71-AF69-5B30B9DA3219}.Debug|x64.Build.0 = Debug|x64
		{3F1BF4CC-3CB9-4E71-AF69-5B30B9DA3219}.Debug|x86.ActiveCfg = Debug|Win32
		{3F1BF4CC-3CB9-4E71-AF69-5B30B9DA3219}.Debug|x86.Build.0 = Debug|Win32
		{3F1BF4CC-3CB9-4E71-AF69-5B30B9DA3219}.Release|x64.ActiveCfg = Release|x64
		{3F1BF4CC-3CB9-4E71-AF69-5B30B9DA3219}.Release|x64.Build.0 = Release|x64
		{3F1BF4CC-3CB9-4E71-AF69-5B30B9DA3219}.Release|x86.ActiveCfg = Release|Win32
		{3F1BF4CC-3CB9-4E71-AF69-5B30B9DA3219}.Release|x86.Build.0 = Release|Win32
		{644940AA-E100-4542-9E3D-9E05A9BF3E17}.Debug|x64.ActiveCfg = Debug|x64
		{644940AA-E100-4542-9E3D-9E05A9BF3E17}.Debug|x64.Build.0 = Debug|x64
		{644940AA-E100-4542-9E3D-9E05A9BF3E17}.Debug|x86.ActiveCfg = Debug|Win32
		{644940AA-E100-4542-9E3D-9E05A9BF3E17}.Debug|x86.Build.0 = Debug|Win32
		{644940AA-E100-4542-9E3D-9E05A9BF3E17}.Release|x64.ActiveCfg = Release|x64
		{644940AA-E100-4542-9E3D-9E05A9BF3E17}.Release|x64.Build.0 = Release|x64
		{644940AA-E100-4542-9E3D-9E05A9BF3E17}.Release|x86.ActiveCfg = Release|Win32
		{644940AA-E100-4542-9E3D-9E05A9BF3E17}.Release|x86.Build.0 = Release|Win32
		{5E7A8DF3-B0EB-4F4F-9ADE-709C5D662BFF}.Debug|x64.ActiveCfg = Debug|x64
		{5E7A8DF3-B0EB-4F4F-9ADE-709C5D662BFF}.Debug|x64.Build.0 = Debug|x64
		{5E7A8DF3-B0EB-4F4F-9ADE-709C5D662BFF}.Debug|x86.ActiveCfg = Debug|Win32
		{5E7A8DF3-B0EB-4F4F-9ADE-709C5D662BFF}.Debug|x86.Build.0 = Debug|Win32
		{5E7A8DF3-B0EB-4F4F-9ADE-709C5D662BFF}.Release|x64.ActiveCfg = Release|x64
		{5E7A8DF3-B0EB-4F4F-9ADE-709C5D662BFF}.Release|x64.Build.0 = Release|x64
		{5E7A8DF3-B0EB-4F4F-9ADE-709C5D662BFF}.Release|x86.ActiveCfg = Release|Win32
		{5E7A8DF3-B0EB-4F4F-9ADE-709C5D662BFF}.Release|x86.Build.0 = Release|Win32
		{6084C20C-B7F2-457F-9699-5BC7290D1283}.Debug|x64.ActiveCfg = Debug|x64
		{6084C20C-B7F2-457F-9699-5BC7290D1283}.Debug|x64.Build.0 = Debug|x64
		{6084C20C-B7F2-457F-9699-5BC7290D1283}.Debug|x86.ActiveCfg = Debug|Win32
		{6084C20C-B7F2-457F-9699-5BC7290D1283}.Debug|x86.Build.0 = Debug|Win32
		{6084C20C-B7F2-457F-9699-5BC7290D1283}.Release|x64.ActiveCfg = Release|x64
		{6084C20C-B7F2-457F-9699-5BC7290D1283}.Release|x64.Build.0 = Release|x64
		{6084C20C-B7F2-457F-9699-5BC7290D1283}.Release|x86.ActiveCfg = Release|Win32
		{6084C20C-B7F2-457F-9699-5BC7290D1283}.Release|x86.Build.0 = Release|Win32
		{C4F74C1B-B700-4E09-9B64-CFFA5967E446}.Debug|x64.ActiveCfg = Debug|x64
		{C4F74C1B-B700-4E09-9B64-CFFA5967E446}.Debug|x64.Build.0 = Debug|x64
		{C4F74C1B-B700-4E09-9B64-CFFA5967E446}.Debug|x86.ActiveCfg = Debug|Win32
		{C4F74C1B-B700-4E09-9B64-CFFA5967E446}.Debug|x86.Build.0 = Debug|Win32
		{C4F74C1B-B700-4E09-9B64-CFFA5967E446}.Release|x64.ActiveCfg = Release|x64
		{C4F74C1B-B700-4E09-9B64-CFFA5967E446}.Release|x64.Build.0 = Release|x64
		{C4F74C1B-B700-4E09-9B64-CFFA5967E446}.Release|x86.ActiveCfg = Release|Win32
		{C4F74C1B-B700-4E09-9B64-CFFA5967E446}.Release|x86.Build.0 = Release|Win32
		{99783FD6-24E8-48B0-8038-886F8FE711CE}.Debug|x64.ActiveCfg = Debug|x64
		{99783FD6-24E8-48B0-8038-886F8FE711CE}.Debug|x64.Build.0 = Debug|x64
		{99783FD6-24E8-48B0-8038-886F8FE711CE}.Debug|x86.ActiveCfg = Debug|Win32
		{99783FD6-24E8-48B0-8038-886F8FE711CE}.Debug|x86.Build.0 = Debug|Win32
		{99783FD6-24E8-48B0-8038-886F8FE711CE}.Release|x64.ActiveCfg = Release|x64
		{99783FD6-24E8-48B0-8038-886F8FE711CE}.Release|x64.Build.0 = Release|x64
		{99783FD6-24E8-48B0-8038-886F8FE711CE}.Release|x86.ActiveCfg = Release|Win32
		{99783FD6-24E8-48B0-8038-886F8FE711CE}.Release|x86.Build.0 = Release|Win32
		{88DB1FF4-9543-4265-B3A6-E9D88C8C815D}.Debug|x64.ActiveCfg = Debug|x64
		{88DB1FF4-9543-4265-B3A6-E9D88C8C815D}.Debug|x64.Build.0 = Debug|x64
		{88DB1FF4-9543-4265-B3A6-E9D88C8C815D}.Debug|x86.ActiveCfg = Debug|Win32
		{88DB1FF4-9543-4265-B3A6-E9D88C8C815D}.Debug|x86.Build.0 = Debug|Win32
		{88DB1FF4-9543-4265-B3A6-E9D88C8C815D}.Release|x64.ActiveCfg = Release|x64
		{88DB1FF4-9543-4265-B3A6-E9D88C8C815D}.Release|x64.Build.0 = Release|x64
		{88DB1FF4-9543-4265-B3A6-E9D88C8C815D}.Release|x86.ActiveCfg = Release|Win32
		{88DB1FF4-9543-4265-B3A6-E9D88C8C815D}.Release|x86.Build.0 = Release|Win32
		{79D8A973-86E9-45F8-BCC5-DF3563B1D17A}.Debug|x64.ActiveCfg = Debug|x64
		{79D8A973-86E9-45F8-BCC5-DF3563B1D17A}.Debug|x64.Build.0 = Debug|x64
		{79D8A973-86E9-45F8-BCC5-DF3563B1D17A}.Debug|x86.ActiveCfg = Debug|Win32
		{79D8A973-86E9-45F8-BCC5-DF3563B1D17A}.Debug|x86.Build.0 = Debug|Win32
		{79D8A973-86E9-45F8-BCC5-DF3563B1D17A}.Release|x64.ActiveCfg = Release|x64
		{79D8A973-86E9-45F8-BCC5-DF3563B1D17A}.Release|x64.Build.0 = Release|x64
		{79D8A973-86E9-45F8-BCC5-DF3563B1D17A}.Release|x86.ActiveCfg = Release|Win32
		{79D8A973-86E9-45F8-BCC5-DF3563B1D17A}.Release|x86.Build.0 = Release|Win32
		{2F7BE87B-D84B-4A3F-9683-FAFD17306ED1}.Debug|x64.ActiveCfg = Debug|x64
		{2F7BE87B-D84B-4A3F-9683-FAFD17306ED1}.Debug|x64.Build.0 = Debug|x64
		{2F7BE87B-D84B-4A3F-9683-FAFD17306ED1}.Debug|x86.ActiveCfg = Debug|Win32
		{2F7BE87B-D84B-4A3F-9683-FAFD17306ED1}.Debug|x86.Build.0 = Debug|Win32
		{2F7BE87B-D84B-4A3F-9683-FAFD17306ED1}.Release|x64.ActiveCfg = Release|x64
		{2F7BE87B-D84B-4A3F-9683-FAFD17306ED1}.Release|x64.Build.0 = Release|x64
		{2F7BE87B-D84B-4A3F-9683-FAFD17306ED1}.Release|x86.ActiveCfg = Release|Win32
		{2F7BE87B-D84B-4A3F-9683-FAFD17306ED1}.Release|x86.Build.0 = Release|Win32
		{E24C274F-ED05-453E-AAFD-422BD6222D00}.Debug|x64.ActiveCfg = Debug|x64
		{E24C274F-ED05-453E-AAFD-422BD6222D00}.Debug|x64.Build.0 = Debug|x64
		{E24C274F-ED05-453E-AAFD-422BD6222D00}.Debug|x86.ActiveCfg = Debug|Win32
		{E24C274F-ED05-453E-AAFD-422BD6222D00}.Debug|x86.Build.0 = Debug|Win32
		{E24C274F-ED05-453E-AAFD-422BD6222D00}.Release|x64.ActiveCfg = Release|x64
		{E24C274F-ED05-453E-AAFD-422BD6222D00}.Release|x64.Build.0 = Release|x64
		{E24C274F-ED05-453E-AAFD-422BD6222D00}.Release|x86.ActiveCfg = Release|Win32
		{E24C274F-ED05-453E-AAFD-422BD6222D00}.Release|x86.Build.0 = Release|Win32
		{8DD3E5C0-18A3-433F-9425-FF1316C23F54}.Debug|x64.ActiveCfg = Release|x64
		{8DD3E5C0-18A3-433F-9425-FF1316C23F54}.Debug|x64.Build.0 = Release|x64
		{8DD3E5C0-18A3-433F-9425-FF1316C23F54}.Debug|x86.ActiveCfg = Release|Win32
		{8DD3E5C0-18A3-433F-9425-FF1316C23F54}.Debug|x86.Build.0 = Release|Win32
		{8DD3E5C0-18A3-433F-9425-FF1316C23F54}.Release|x64.ActiveCfg = Release|x64
		{8DD3E5C0-18A3-433F-9425-FF1316C23F54}.Release|x64.Build.0 = Release|x64
		{8DD3E5C0-18A3-433F-9425-FF1316C23F54}.Release|x86.ActiveCfg = Release|Win32
		{8DD3E5C0-18A3-433F-9425-FF1316C23F54}.Release|x86.Build.0 = Release|Win32
	EndGlobalSection
	GlobalSection(SolutionProperties) = preSolution
		HideSolutionNode = FALSE
	EndGlobalSection
	GlobalSection(NestedProjects) = preSolution
		{3F1BF4CC-3CB9-4E71-AF69-5B30B9DA3219} = {48CF9199-66DA-4B78-AF10-9BF34061E415}
		{644940AA-E100-4542-9E3D-9E05A9BF3E17} = {48B12F6A-FFBD-4E89-8ED1-52212C90C47F}
		{5E7A8DF3-B0EB-4F4F-9ADE-709C5D662BFF} = {9E8650FC-BF68-4C55-B68F-9B40D34790E9}
		{6084C20C-B7F2-457F-9699-5BC7290D1283} = {9E8650FC-BF68-4C55-B68F-9B40D34790E9}
		{C4F74C1B-B700-4E09-9B64-CFFA5967E446} = {9E8650FC-BF68-4C55-B68F-9B40D34790E9}
		{99783FD6-24E8-48B0-8038-886F8FE711CE} = {9E8650FC-BF68-4C55-B68F-9B40D34790E9}
		{88DB1FF4-9543-4265-B3A6-E9D88C8C815D} = {9E8650FC-BF68-4C55-B68F-9B40D34790E9}
		{79D8A973-86E9-45F8-BCC5-DF3563B1D17A} = {9E8650FC-BF68-4C55-B68F-9B40D34790E9}
		{2F7BE87B-D84B-4A3F-9683-FAFD17306ED1} = {9E8650FC-BF68-4C55-B68F-9B40D34790E9}
		{E24C274F-ED05-453E-AAFD-422BD6222D00} = {9E8650FC-BF68-4C55-B68F-9B40D34790E9}
	EndGlobalSection
	GlobalSection(ExtensibilityGlobals) = postSolution
		SolutionGuid = {7502CE9C-6306-411B-8705-4858FA8681F6}
	EndGlobalSection
EndGlobal
